<?xml version="1.0" encoding="utf-8"?>
<Project ToolsVersion="4.0" xmlns="http://schemas.microsoft.com/developer/msbuild/2003">
  <ItemGroup>
    <Filter Include="Resource Files">
      <UniqueIdentifier>{67DA6AB6-F800-4c08-8B7A-83BB121AAD01}</UniqueIdentifier>
      <Extensions>rc;ico;cur;bmp;dlg;rc2;rct;bin;rgs;gif;jpg;jpeg;jpe;resx;tiff;tif;png;wav;mfcribbon-ms</Extensions>
    </Filter>
    <Filter Include="ImGui">
      <UniqueIdentifier>{cfb95bf8-851b-4982-b1cf-b2b6b8de3dfe}</UniqueIdentifier>
    </Filter>
    <Filter Include="glad">
      <UniqueIdentifier>{421574c7-1dfd-4141-b41a-bbf0c6883095}</UniqueIdentifier>
    </Filter>
    <Filter Include="UserInput">
      <UniqueIdentifier>{58f701de-39f1-4cbc-9a20-dfcef875db33}</UniqueIdentifier>
    </Filter>
    <Filter Include="GameObject">
      <UniqueIdentifier>{4922828f-922d-41ae-b991-58a42a1d3b5c}</UniqueIdentifier>
    </Filter>
    <Filter Include="Physics">
      <UniqueIdentifier>{e4e3da13-dca8-4a77-a0c1-4253b9bebb8d}</UniqueIdentifier>
    </Filter>
    <Filter Include="VAOManager">
      <UniqueIdentifier>{e701bac7-9b23-4aa1-9e99-7435ab1cf73d}</UniqueIdentifier>
    </Filter>
    <Filter Include="Shaders">
      <UniqueIdentifier>{8c6516f2-9b50-4e24-a3ac-897dcbead436}</UniqueIdentifier>
    </Filter>
    <Filter Include="ShaderManager">
      <UniqueIdentifier>{4c0b5723-5a5e-4020-bd0c-413d588cace0}</UniqueIdentifier>
    </Filter>
    <Filter Include="Model">
      <UniqueIdentifier>{bdd9a9e3-1efa-4a32-a3c5-01f1220c6e77}</UniqueIdentifier>
    </Filter>
    <Filter Include="Lighting">
      <UniqueIdentifier>{e7e0f344-b40e-495c-b225-22f2ccd67165}</UniqueIdentifier>
    </Filter>
    <Filter Include="FileReaders">
      <UniqueIdentifier>{5aa58bd0-4343-414a-88eb-5e2de5277ddd}</UniqueIdentifier>
    </Filter>
    <Filter Include="Camera">
      <UniqueIdentifier>{8252d7bb-0da4-424e-b33e-325ea3c2575d}</UniqueIdentifier>
    </Filter>
    <Filter Include="Configs">
      <UniqueIdentifier>{17f26d51-6578-4abc-8e1b-98e43df82319}</UniqueIdentifier>
    </Filter>
    <Filter Include="LowPassFilter">
      <UniqueIdentifier>{23d1223f-7e8d-4c63-8743-bb3d2785a393}</UniqueIdentifier>
    </Filter>
    <Filter Include="GLOBAL">
      <UniqueIdentifier>{93995380-89BD-4b04-88EB-625FBE52EBFB}</UniqueIdentifier>
      <Extensions>h;hh;hpp;hxx;hm;inl;inc;ipp;xsd</Extensions>
    </Filter>
    <Filter Include="ROBOT SIM">
      <UniqueIdentifier>{8c67b0d8-06f3-4ef9-8d0e-6250d386ceec}</UniqueIdentifier>
    </Filter>
    <Filter Include="ROBOT SIM\Weapons">
      <UniqueIdentifier>{e599f821-8b7f-48d4-be3d-74375ce9a8a0}</UniqueIdentifier>
    </Filter>
  </ItemGroup>
  <ItemGroup>
    <ClCompile Include="imgui.cpp">
      <Filter>ImGui</Filter>
    </ClCompile>
    <ClCompile Include="imgui_demo.cpp">
      <Filter>ImGui</Filter>
    </ClCompile>
    <ClCompile Include="imgui_draw.cpp">
      <Filter>ImGui</Filter>
    </ClCompile>
    <ClCompile Include="imgui_widgets.cpp">
      <Filter>ImGui</Filter>
    </ClCompile>
    <ClCompile Include="glad.c">
      <Filter>glad</Filter>
    </ClCompile>
    <ClCompile Include="VAOManager.cpp">
      <Filter>VAOManager</Filter>
    </ClCompile>
    <ClCompile Include="Shader.cpp">
      <Filter>ShaderManager</Filter>
    </ClCompile>
    <ClCompile Include="ShaderManager.cpp">
      <Filter>ShaderManager</Filter>
    </ClCompile>
    <ClCompile Include="ModelLoader.cpp">
      <Filter>Model</Filter>
    </ClCompile>
    <ClCompile Include="GFLW_callbacks.cpp">
      <Filter>UserInput</Filter>
    </ClCompile>
    <ClCompile Include="key_callbacks.cpp">
      <Filter>UserInput</Filter>
    </ClCompile>
    <ClCompile Include="LightHelper.cpp">
      <Filter>Lighting</Filter>
    </ClCompile>
    <ClCompile Include="cPhysics.cpp">
      <Filter>Physics</Filter>
    </ClCompile>
    <ClCompile Include="cPhysics_Ericson.cpp">
      <Filter>Physics</Filter>
    </ClCompile>
    <ClCompile Include="PhysicsStuff.cpp">
      <Filter>Physics</Filter>
    </ClCompile>
    <ClCompile Include="mouse_callbacks.cpp">
      <Filter>UserInput</Filter>
    </ClCompile>
    <ClCompile Include="LightManager.cpp">
      <Filter>Lighting</Filter>
    </ClCompile>
    <ClCompile Include="Light.cpp">
      <Filter>Lighting</Filter>
    </ClCompile>
    <ClCompile Include="FileReaders.cpp">
      <Filter>FileReaders</Filter>
    </ClCompile>
    <ClCompile Include="CameraManager.cpp">
      <Filter>Camera</Filter>
    </ClCompile>
    <ClCompile Include="cLowPassFilter.cpp">
      <Filter>LowPassFilter</Filter>
    </ClCompile>
    <ClCompile Include="GameObject.cpp">
      <Filter>GameObject</Filter>
    </ClCompile>
    <ClCompile Include="main.cpp" />
    <ClCompile Include="World.cpp">
      <Filter>ROBOT SIM</Filter>
    </ClCompile>
    <ClCompile Include="Robot.cpp">
      <Filter>ROBOT SIM</Filter>
    </ClCompile>
    <ClCompile Include="Bomb.cpp">
      <Filter>ROBOT SIM\Weapons</Filter>
    </ClCompile>
    <ClCompile Include="Bullets.cpp">
      <Filter>ROBOT SIM\Weapons</Filter>
    </ClCompile>
    <ClCompile Include="LASER.cpp">
      <Filter>ROBOT SIM\Weapons</Filter>
    </ClCompile>
    <ClCompile Include="Projectile.cpp" />
  </ItemGroup>
  <ItemGroup>
    <ClInclude Include="GLCommon.h">
      <Filter>GLOBAL</Filter>
    </ClInclude>
    <ClInclude Include="GameObject.h">
      <Filter>GameObject</Filter>
    </ClInclude>
    <ClInclude Include="Mesh.h">
      <Filter>Model</Filter>
    </ClInclude>
    <ClInclude Include="VAOManager.h">
      <Filter>VAOManager</Filter>
    </ClInclude>
    <ClInclude Include="ShaderManager.h">
      <Filter>ShaderManager</Filter>
    </ClInclude>
    <ClInclude Include="globals.h">
      <Filter>GLOBAL</Filter>
    </ClInclude>
    <ClInclude Include="ModelLoader.h">
      <Filter>Model</Filter>
    </ClInclude>
    <ClInclude Include="GFLW_callbacks.h">
      <Filter>UserInput</Filter>
    </ClInclude>
    <ClInclude Include="LightHelper.h">
      <Filter>Lighting</Filter>
    </ClInclude>
    <ClInclude Include="cPhysics.h">
      <Filter>Physics</Filter>
    </ClInclude>
    <ClInclude Include="PhysicsStuff.h">
      <Filter>Physics</Filter>
    </ClInclude>
    <ClInclude Include="FileReaders.h">
      <Filter>FileReaders</Filter>
    </ClInclude>
    <ClInclude Include="LightManager.h">
      <Filter>Lighting</Filter>
    </ClInclude>
    <ClInclude Include="Light.h">
      <Filter>Lighting</Filter>
    </ClInclude>
    <ClInclude Include="CameraManager.h">
      <Filter>Camera</Filter>
    </ClInclude>
    <ClInclude Include="cLowPassFilter.h">
      <Filter>LowPassFilter</Filter>
    </ClInclude>
    <ClInclude Include="Robot.h">
      <Filter>ROBOT SIM</Filter>
    </ClInclude>
    <ClInclude Include="iWeapon.h">
      <Filter>ROBOT SIM</Filter>
    </ClInclude>
    <ClInclude Include="World.h">
      <Filter>ROBOT SIM</Filter>
    </ClInclude>
    <ClInclude Include="Bomb.h">
      <Filter>ROBOT SIM\Weapons</Filter>
    </ClInclude>
    <ClInclude Include="Bullets.h">
      <Filter>ROBOT SIM\Weapons</Filter>
    </ClInclude>
    <ClInclude Include="LASER.h">
      <Filter>ROBOT SIM\Weapons</Filter>
    </ClInclude>
    <ClInclude Include="Damage.h">
      <Filter>ROBOT SIM</Filter>
    </ClInclude>
    <ClInclude Include="Projectile.h">
      <Filter>ROBOT SIM</Filter>
    </ClInclude>
  </ItemGroup>
  <ItemGroup>
    <None Include="..\assets\shaders\fragmentShader01.glsl">
      <Filter>Shaders</Filter>
    </None>
    <None Include="..\assets\shaders\vertexShader01.glsl">
      <Filter>Shaders</Filter>
    </None>
  </ItemGroup>
  <ItemGroup>
    <Xml Include="..\assets\config\GameObjects.xml">
      <Filter>Configs</Filter>
    </Xml>
    <Xml Include="..\assets\config\Lights.xml">
      <Filter>Configs</Filter>
    </Xml>
    <Xml Include="..\assets\config\Meshes.xml">
      <Filter>Configs</Filter>
    </Xml>
    <Xml Include="..\assets\config\Camera.xml">
      <Filter>Configs</Filter>
    </Xml>
  </ItemGroup>
</Project>