<?xml version="1.0" encoding="utf-8"?>
<Project ToolsVersion="4.0" xmlns="http://schemas.microsoft.com/developer/msbuild/2003">
  <ItemGroup>
    <ClCompile Include="main.cpp" />
    <ClCompile Include="DebugRenderer\cDebugRenderer.cpp">
      <Filter>DebugRenderer</Filter>
    </ClCompile>
    <ClCompile Include="DebugRenderer\cDebugRenderer_BuiltInShapes.cpp">
      <Filter>DebugRenderer</Filter>
    </ClCompile>
    <ClCompile Include="DebugRenderer\CErrorLog.cpp">
      <Filter>DebugRenderer</Filter>
    </ClCompile>
    <ClCompile Include="DebugRenderer\cGLRenderStateHelper.cpp">
      <Filter>DebugRenderer</Filter>
    </ClCompile>
    <ClCompile Include="DebugRenderer\COpenGLError.cpp">
      <Filter>DebugRenderer</Filter>
    </ClCompile>
    <ClCompile Include="GameObject\cGameObject.cpp">
      <Filter>GameObject</Filter>
    </ClCompile>
    <ClCompile Include="UserInputs\GFLW_callbacks.cpp">
      <Filter>UserInput</Filter>
    </ClCompile>
    <ClCompile Include="UserInputs\key_callbacks.cpp">
      <Filter>UserInput</Filter>
    </ClCompile>
    <ClCompile Include="UserInputs\mouse_callbacks.cpp">
      <Filter>UserInput</Filter>
    </ClCompile>
    <ClCompile Include="UserInputs\UserInput.cpp">
      <Filter>UserInput</Filter>
    </ClCompile>
    <ClCompile Include="Camera\CameraManager.cpp">
      <Filter>Camera</Filter>
    </ClCompile>
    <ClCompile Include="Camera\cFlyCamera.cpp">
      <Filter>Camera</Filter>
    </ClCompile>
    <ClCompile Include="LowPassFilter\cLowPassFilter.cpp">
      <Filter>LowPassFilter</Filter>
    </ClCompile>
    <ClCompile Include="Camera\ThirdPersonCamera.cpp">
      <Filter>Camera</Filter>
    </ClCompile>
    <ClCompile Include="Commands\ParallelCommandGroup.cpp">
      <Filter>Command\CommandGroup</Filter>
    </ClCompile>
    <ClCompile Include="Commands\Commands.cpp">
      <Filter>Command</Filter>
    </ClCompile>
    <ClCompile Include="Commands\SerialCommandGroup.cpp">
      <Filter>Command\CommandGroup</Filter>
    </ClCompile>
    <ClCompile Include="Commands\MoveCommand.cpp">
      <Filter>Command\Commands</Filter>
    </ClCompile>
    <ClCompile Include="Commands\cLuaBrain.cpp">
      <Filter>Command</Filter>
    </ClCompile>
    <ClCompile Include="Commands\LocationTrigger.cpp">
      <Filter>Command</Filter>
    </ClCompile>
    <ClCompile Include="Commands\FollowCurveCommand.cpp">
      <Filter>Command\Commands</Filter>
    </ClCompile>
    <ClCompile Include="Commands\RotateCommand.cpp">
      <Filter>Command\Commands</Filter>
    </ClCompile>
    <ClCompile Include="Commands\FollowObjectCommand.cpp">
      <Filter>Command\Commands</Filter>
    </ClCompile>
    <ClCompile Include="Commands\MoveOverTimeCommand.cpp">
      <Filter>Command\OverTimeCommands</Filter>
    </ClCompile>
    <ClCompile Include="Commands\RotateOverTimeCommand.cpp">
      <Filter>Command\OverTimeCommands</Filter>
    </ClCompile>
    <ClCompile Include="Commands\FollowCurveOverTimeCommand.cpp">
      <Filter>Command\OverTimeCommands</Filter>
    </ClCompile>
    <ClCompile Include="Commands\WaitCommand.cpp">
      <Filter>Command\OverTimeCommands</Filter>
    </ClCompile>
    <ClCompile Include="Rendering\Lighting\cLightHelper.cpp">
      <Filter>Lighting</Filter>
    </ClCompile>
    <ClCompile Include="Rendering\Lighting\Light.cpp">
      <Filter>Lighting</Filter>
    </ClCompile>
    <ClCompile Include="Rendering\Lighting\LightManager.cpp">
      <Filter>Lighting</Filter>
    </ClCompile>
    <ClCompile Include="Rendering\ModelStuff\cModelLoader.cpp">
      <Filter>ModelStuff</Filter>
    </ClCompile>
    <ClCompile Include="Rendering\ParticalEffects\cParticleEmitter.cpp">
      <Filter>ParticalEffects</Filter>
    </ClCompile>
    <ClCompile Include="Rendering\Texture\C24BitBMPpixel.cpp">
      <Filter>Texture</Filter>
    </ClCompile>
    <ClCompile Include="Rendering\Texture\cBasicTextureManager.cpp">
      <Filter>Texture</Filter>
    </ClCompile>
    <ClCompile Include="Rendering\Texture\CTextureFromBMP.cpp">
      <Filter>Texture</Filter>
    </ClCompile>
    <ClCompile Include="Rendering\VAOManager\cVAOManager.cpp">
      <Filter>VAOManager</Filter>
    </ClCompile>
    <ClCompile Include="Rendering\Shaders\cShader.cpp" />
    <ClCompile Include="Rendering\Shaders\cShaderManager.cpp" />
    <ClCompile Include="Rendering\Renderer.cpp" />
    <ClCompile Include="Rendering\cSimpleSkybox.cpp" />
    <ClCompile Include="GameObject\cShip.cpp" />
    <ClCompile Include="AI\BehaviourManager.cpp" />
    <ClCompile Include="AI\Behaviours\cSeek.cpp" />
    <ClCompile Include="AI\Behaviours\cSeekAndFlee.cpp" />
    <ClCompile Include="AI\Behaviours\cEvade.cpp" />
    <ClCompile Include="GameObject\cBullet.cpp" />
    <ClCompile Include="AI\Behaviours\cFireFromDistance.cpp" />
    <ClCompile Include="AI\Behaviours\cPursueAndEvade.cpp" />
    <ClCompile Include="AI\Behaviours\cWanderAndIdle.cpp" />
    <ClCompile Include="GameObject\cPhysicsGameObject.cpp" />
    <ClCompile Include="Physics\Physics.cpp" />
    <ClCompile Include="LoadingStuff\Load.cpp" />
    <ClCompile Include="Camera\c3rdPersonCamera.cpp" />
    <ClCompile Include="UserInputs\NewUserInput.cpp" />
    <ClCompile Include="..\dependencies\src\glad.c" />
    <ClCompile Include="Rendering\VAOManager\sModelDrawInfo.cpp" />
    <ClCompile Include="Rendering\VAOManager\sComplexVertex.cpp" />
    <ClCompile Include="Rendering\VAOManager\SkinnedMesh\cSimpleSkinnedMesh.cpp" />
    <ClCompile Include="Rendering\VAOManager\SkinnedMesh\cSkinnedMesh.cpp" />
    <ClCompile Include="Rendering\FBO\cFBO.cpp" />
    <ClCompile Include="Rendering\sScene.cpp" />
  </ItemGroup>
  <ItemGroup>
    <ClInclude Include="GLCommon.h" />
    <ClInclude Include="globals.h" />
    <ClInclude Include="DebugRenderer\cDebugRenderer.h">
      <Filter>DebugRenderer</Filter>
    </ClInclude>
    <ClInclude Include="DebugRenderer\CErrorLog.h">
      <Filter>DebugRenderer</Filter>
    </ClInclude>
    <ClInclude Include="DebugRenderer\cGLRenderStateHelper.h">
      <Filter>DebugRenderer</Filter>
    </ClInclude>
    <ClInclude Include="DebugRenderer\COpenGLError.h">
      <Filter>DebugRenderer</Filter>
    </ClInclude>
    <ClInclude Include="DebugRenderer\iDebugRenderer.h">
      <Filter>DebugRenderer</Filter>
    </ClInclude>
    <ClInclude Include="GameObject\cGameObject.h">
      <Filter>GameObject</Filter>
    </ClInclude>
    <ClInclude Include="UserInputs\GFLW_callbacks.h">
      <Filter>UserInput</Filter>
    </ClInclude>
    <ClInclude Include="Camera\CameraManager.h">
      <Filter>Camera</Filter>
    </ClInclude>
    <ClInclude Include="Camera\cFlyCamera.h">
      <Filter>Camera</Filter>
    </ClInclude>
    <ClInclude Include="LowPassFilter\cLowPassFilter.h">
      <Filter>LowPassFilter</Filter>
    </ClInclude>
    <ClInclude Include="Camera\ThirdPersonCamera.h">
      <Filter>Camera</Filter>
    </ClInclude>
    <ClInclude Include="Commands\iCommand.h">
      <Filter>Command</Filter>
    </ClInclude>
    <ClInclude Include="Commands\ParallelCommandGroup.h">
      <Filter>Command\CommandGroup</Filter>
    </ClInclude>
    <ClInclude Include="Commands\Commands.h">
      <Filter>Command</Filter>
    </ClInclude>
    <ClInclude Include="Commands\SerialCommandGroup.h">
      <Filter>Command\CommandGroup</Filter>
    </ClInclude>
    <ClInclude Include="Commands\MoveCommand.h">
      <Filter>Command\Commands</Filter>
    </ClInclude>
    <ClInclude Include="Commands\RotateCommand.h">
      <Filter>Command\Commands</Filter>
    </ClInclude>
    <ClInclude Include="Commands\cLuaBrain.h">
      <Filter>Command</Filter>
    </ClInclude>
    <ClInclude Include="Commands\LocationTrigger.h">
      <Filter>Command</Filter>
    </ClInclude>
    <ClInclude Include="Commands\FollowCurveCommand.h">
      <Filter>Command\Commands</Filter>
    </ClInclude>
    <ClInclude Include="Commands\FollowObjectCommand.h">
      <Filter>Command\Commands</Filter>
    </ClInclude>
    <ClInclude Include="Commands\MoveOverTimeCommand.h">
      <Filter>Command\OverTimeCommands</Filter>
    </ClInclude>
    <ClInclude Include="Commands\RotateOverTimeCommand.h">
      <Filter>Command\OverTimeCommands</Filter>
    </ClInclude>
    <ClInclude Include="Commands\FollowCurveOverTimeCommand.h">
      <Filter>Command\OverTimeCommands</Filter>
    </ClInclude>
    <ClInclude Include="Commands\WaitCommand.h">
      <Filter>Command\OverTimeCommands</Filter>
    </ClInclude>
    <ClInclude Include="Rendering\Lighting\cLightHelper.h">
      <Filter>Lighting</Filter>
    </ClInclude>
    <ClInclude Include="Rendering\Lighting\Light.h">
      <Filter>Lighting</Filter>
    </ClInclude>
    <ClInclude Include="Rendering\Lighting\LightManager.h">
      <Filter>Lighting</Filter>
    </ClInclude>
    <ClInclude Include="Rendering\ModelStuff\cMesh.h">
      <Filter>ModelStuff</Filter>
    </ClInclude>
    <ClInclude Include="Rendering\ModelStuff\cModelLoader.h">
      <Filter>ModelStuff</Filter>
    </ClInclude>
    <ClInclude Include="Rendering\ParticalEffects\cParticleEmitter.h">
      <Filter>ParticalEffects</Filter>
    </ClInclude>
    <ClInclude Include="Rendering\Texture\C24BitBMPpixel.h">
      <Filter>Texture</Filter>
    </ClInclude>
    <ClInclude Include="Rendering\Texture\cBasicTextureManager.h">
      <Filter>Texture</Filter>
    </ClInclude>
    <ClInclude Include="Rendering\Texture\CTextureFromBMP.h">
      <Filter>Texture</Filter>
    </ClInclude>
    <ClInclude Include="Rendering\VAOManager\cVAOManager.h">
      <Filter>VAOManager</Filter>
    </ClInclude>
    <ClInclude Include="Rendering\iRenderComponent.h" />
    <ClInclude Include="Rendering\iLight.h" />
    <ClInclude Include="Rendering\iCamera.h" />
    <ClInclude Include="Rendering\Renderer.h" />
    <ClInclude Include="Rendering\Shaders\cShaderManager.h" />
    <ClInclude Include="Rendering\iSkybox.h" />
    <ClInclude Include="Rendering\cSimpleSkybox.h" />
    <ClInclude Include="GameObject\cShip.h" />
    <ClInclude Include="AI\BehaviourManager.h" />
    <ClInclude Include="AI\iBehaviour.h" />
    <ClInclude Include="AI\iEntity.h" />
    <ClInclude Include="AI\Behaviours\cSeek.h" />
    <ClInclude Include="AI\Behaviours\cSeekAndFlee.h" />
    <ClInclude Include="AI\Behaviours\cEvade.h" />
    <ClInclude Include="GameObject\cBullet.h" />
    <ClInclude Include="AI\Behaviours\cFireFromDistance.h" />
    <ClInclude Include="AI\Behaviours\cPursueAndEvade.h" />
    <ClInclude Include="AI\Behaviours\cWanderAndIdle.h" />
    <ClInclude Include="LoadingStuff\cJSONUtility.h" />
    <ClInclude Include="LoadingStuff\iSerializable.h" />
    <ClInclude Include="GameObject\cPhysicsGameObject.h" />
    <ClInclude Include="Physics\Physics.h" />
    <ClInclude Include="LoadingStuff\Load.h" />
    <ClInclude Include="Camera\c3rdPersonCamera.h" />
    <ClInclude Include="Rendering\VAOManager\sModelDrawInfo.h" />
    <ClInclude Include="Rendering\VAOManager\sComplexVertex.h" />
    <ClInclude Include="Rendering\eRendType.h" />
    <ClInclude Include="Rendering\iGeneralModel.h" />
    <ClInclude Include="Rendering\VAOManager\SkinnedMesh\cSimpleSkinnedMesh.h" />
    <ClInclude Include="Rendering\VAOManager\SkinnedMesh\cSkinnedMesh.h" />
    <ClInclude Include="Rendering\FBO\cFBO.h" />
    <ClInclude Include="Rendering\sScene.h" />
  </ItemGroup>
  <ItemGroup>
    <Filter Include="DebugRenderer">
      <UniqueIdentifier>{0712cb83-17e5-411e-93c8-01a7fe758260}</UniqueIdentifier>
    </Filter>
    <Filter Include="glad">
      <UniqueIdentifier>{7d1418fb-bc87-464d-92d6-547958264f82}</UniqueIdentifier>
    </Filter>
    <Filter Include="GameObject">
      <UniqueIdentifier>{477fc76d-15ca-40e3-9c11-c253f3991cc9}</UniqueIdentifier>
    </Filter>
    <Filter Include="VAOManager">
      <UniqueIdentifier>{f6ebd614-dbc3-4b68-94cd-455448afc27a}</UniqueIdentifier>
    </Filter>
    <Filter Include="SimpleShader">
      <UniqueIdentifier>{c178e5dc-5eac-47cb-baba-3b8516b6973f}</UniqueIdentifier>
    </Filter>
    <Filter Include="UserInput">
      <UniqueIdentifier>{04f4513b-4da9-4c76-abda-3dcf292d93f5}</UniqueIdentifier>
    </Filter>
    <Filter Include="Camera">
      <UniqueIdentifier>{57a91efe-7bd9-4f76-89f9-cbe0c4907723}</UniqueIdentifier>
    </Filter>
    <Filter Include="ModelStuff">
      <UniqueIdentifier>{e5a4d6db-2963-482e-b124-1a7982cc2e94}</UniqueIdentifier>
    </Filter>
    <Filter Include="ParticalEffects">
      <UniqueIdentifier>{df803fa9-a031-4d2a-97e5-04edcbb45052}</UniqueIdentifier>
    </Filter>
    <Filter Include="Physics">
      <UniqueIdentifier>{2b3db6b5-64b2-446b-b9cd-32b5cb234c56}</UniqueIdentifier>
    </Filter>
    <Filter Include="LowPassFilter">
      <UniqueIdentifier>{e7492a95-892b-497a-952f-fa0a60b44b26}</UniqueIdentifier>
    </Filter>
    <Filter Include="Shaders">
      <UniqueIdentifier>{4d3748a8-4da5-47d9-b423-c251357c07f6}</UniqueIdentifier>
    </Filter>
    <Filter Include="LoadingStuff">
      <UniqueIdentifier>{599a4d1c-f0ce-4178-ae76-346925115ef8}</UniqueIdentifier>
    </Filter>
    <Filter Include="Lighting">
      <UniqueIdentifier>{bad3a230-d2e0-4d4e-8836-cda0eb1ec080}</UniqueIdentifier>
    </Filter>
    <Filter Include="LoadingStuff\Configs">
      <UniqueIdentifier>{4ad12e0d-cee0-42a4-a5a2-8fd3a060d5a3}</UniqueIdentifier>
    </Filter>
    <Filter Include="Texture">
      <UniqueIdentifier>{b38f96fd-1892-4ba7-ba20-4c6a00c8f300}</UniqueIdentifier>
    </Filter>
    <Filter Include="Command">
      <UniqueIdentifier>{ccc9254c-1feb-4e7b-a5e0-cd6d9aa023f1}</UniqueIdentifier>
    </Filter>
    <Filter Include="Command\CommandGroup">
      <UniqueIdentifier>{19501096-1b42-435d-ba1f-efe133db0ace}</UniqueIdentifier>
    </Filter>
    <Filter Include="Command\Commands">
      <UniqueIdentifier>{807857e6-c10e-475d-b64d-bbe858308057}</UniqueIdentifier>
    </Filter>
    <Filter Include="Command\OverTimeCommands">
      <UniqueIdentifier>{d9888c7f-4436-48d7-a1aa-ad74f8647413}</UniqueIdentifier>
    </Filter>
  </ItemGroup>
  <ItemGroup>
    <None Include="assets\shaders\fragmentShader01.glsl">
      <Filter>Shaders</Filter>
    </None>
    <None Include="assets\shaders\vertexShader01.glsl">
      <Filter>Shaders</Filter>
    </None>
  </ItemGroup>
  <ItemGroup>
    <Xml Include="assets\config\GameObjects.xml">
      <Filter>LoadingStuff\Configs</Filter>
    </Xml>
    <Xml Include="assets\config\Lights.xml">
      <Filter>LoadingStuff\Configs</Filter>
    </Xml>
    <Xml Include="assets\config\Meshes.xml">
      <Filter>LoadingStuff\Configs</Filter>
    </Xml>
    <Xml Include="assets\config\GameObjects2.xml">
      <Filter>LoadingStuff\Configs</Filter>
    </Xml>
    <Xml Include="assets\config\Textures.xml">
      <Filter>LoadingStuff\Configs</Filter>
    </Xml>
  </ItemGroup>
  <ItemGroup>
    <Text Include="assets\config\Config.json" />
  </ItemGroup>
</Project>